lockfileVersion: '9.0'

settings:
  autoInstallPeers: true
  excludeLinksFromLockfile: false

importers:

  .:
    dependencies:
      sst:
        specifier: ^3
        version: 3.2.48
    devDependencies:
      '@tsconfig/node20':
        specifier: ^20.1.4
        version: 20.1.4
      typescript:
        specifier: 5.6.2
        version: 5.6.2

packages:

  '@tsconfig/node20@20.1.4':
    resolution: {integrity: sha512-sqgsT69YFeLWf5NtJ4Xq/xAF8p4ZQHlmGW74Nu2tD4+g5fAsposc4ZfaaPixVu4y01BEiDCWLRDCvDM5JOsRxg==}

  aws4fetch@1.0.20:
    resolution: {integrity: sha512-/djoAN709iY65ETD6LKCtyyEI04XIBP5xVvfmNxsEP0uJB5tyaGBztSryRr4HqMStr9R06PisQE7m9zDTXKu6g==}

  jose@4.15.9:
    resolution: {integrity: sha512-1vUQX+IdDMVPj4k8kOxgUqlcK518yluMuGZwqlr44FS1ppZB/5GWh4rZG89erpOBOJjU/OBsnCVFfapsRz6nEA==}

  jose@5.2.3:
    resolution: {integrity: sha512-KUXdbctm1uHVL8BYhnyHkgp3zDX5KW8ZhAKVFEfUbU2P8Alpzjb+48hHvjOdQIyPshoblhzsuqOwEEAbtHVirA==}

  lru-cache@6.0.0:
    resolution: {integrity: sha512-Jo6dJ04CmSjuznwJSS3pUeWmd/H0ffTlkXXgwZi+eq1UCmqQwCh+eLsYOYCwY991i2Fah4h1BEMCx4qThGbsiA==}
    engines: {node: '>=10'}

  object-hash@2.2.0:
    resolution: {integrity: sha512-gScRMn0bS5fH+IuwyIFgnh9zBdo4DV+6GhygmWM9HyNJSgS0hScp1f5vjtm7oIIOiT9trXrShAkLFSc2IqKNgw==}
    engines: {node: '>= 6'}

  oidc-token-hash@5.0.3:
    resolution: {integrity: sha512-IF4PcGgzAr6XXSff26Sk/+P4KZFJVuHAJZj3wgO3vX2bMdNVp/QXTP3P7CEm9V1IdG8lDLY3HhiqpsE/nOwpPw==}
    engines: {node: ^10.13.0 || >=12.0.0}

  openid-client@5.6.4:
    resolution: {integrity: sha512-T1h3B10BRPKfcObdBklX639tVz+xh34O7GjofqrqiAQdm7eHsQ00ih18x6wuJ/E6FxdtS2u3FmUGPDeEcMwzNA==}

  sst-darwin-arm64@3.2.48:
    resolution: {integrity: sha512-zxBhpIzWhyOilinSdNE70EtQgXi3E0UMIEqMSQHpDCPP/qZ/swv9yD6jfsK3/7T7l8r11TV/Da9EXn6QdAi/Ow==}
    cpu: [arm64]
    os: [darwin]

  sst-darwin-x64@3.2.48:
    resolution: {integrity: sha512-6TX4YlB/CuwjhUxYmbW7DufXGP2/ZdkSVOSxbPMQkC90XLEbXXvk0Iq+KTqjygKp+7RovegU8GaAOoObQpbeTw==}
    cpu: [x64]
    os: [darwin]

  sst-linux-arm64@3.2.48:
    resolution: {integrity: sha512-Xmb6Ldaq4EjrHoglK9Ye5YwOERYAM6hYlnh6qDdux7t5EFmAWq37yi1KQMzYtDe1co0JEGYFZ226TQIYnzz1zg==}
    cpu: [arm64]
    os: [linux]

  sst-linux-x64@3.2.48:
    resolution: {integrity: sha512-3fylg6rUPLz8U37FnD2PKamC+0JNlG20RIjmgiGnGN04DyydfFqq1hpx6tGIJ0y2OlaQnMwGdoYhQzbq5xH5TQ==}
    cpu: [x64]
    os: [linux]

  sst-linux-x86@3.2.48:
    resolution: {integrity: sha512-KFZ8W4bLuNhP/hdBVKd3yv1x2LMAzhZd1IZhqYdMi52M+NlQWOyfAaezXtNktNrGOrUBOz26Z3890NCX4fJrIQ==}
    cpu: [x86]
    os: [linux]

  sst@3.2.48:
    resolution: {integrity: sha512-+kCqMS8Spc6GQHK4WDvLxWsgWTvfH18Lq4qpB8+al1FPDTFwimyp0BoY699Fu+4wJ9FSC8irBVHnIloUlO2TSQ==}
    hasBin: true
    peerDependencies:
      hono: 4.x
      valibot: 0.30.x
    peerDependenciesMeta:
      hono:
        optional: true
      valibot:
        optional: true

  typescript@5.6.2:
    resolution: {integrity: sha512-NW8ByodCSNCwZeghjN3o+JX5OFH0Ojg6sadjEKY4huZ52TqbJTJnDo5+Tw98lSy63NZvi4n+ez5m2u5d4PkZyw==}
    engines: {node: '>=14.17'}
    hasBin: true

  yallist@4.0.0:
    resolution: {integrity: sha512-3wdGidZyq5PB084XLES5TpOSRA3wjXAlIWMhum2kRcv/41Sn2emQ0dycQW4uZXLejwKvg6EsvbdlVL+FYEct7A==}

snapshots:

  '@tsconfig/node20@20.1.4': {}

  aws4fetch@1.0.20: {}

  jose@4.15.9: {}

  jose@5.2.3: {}

  lru-cache@6.0.0:
    dependencies:
      yallist: 4.0.0

  object-hash@2.2.0: {}

  oidc-token-hash@5.0.3: {}

  openid-client@5.6.4:
    dependencies:
      jose: 4.15.9
      lru-cache: 6.0.0
      object-hash: 2.2.0
      oidc-token-hash: 5.0.3

  sst-darwin-arm64@3.2.48:
    optional: true

  sst-darwin-x64@3.2.48:
    optional: true

  sst-linux-arm64@3.2.48:
    optional: true

  sst-linux-x64@3.2.48:
    optional: true

  sst-linux-x86@3.2.48:
    optional: true

  sst@3.2.48:
    dependencies:
      aws4fetch: 1.0.20
      jose: 5.2.3
      openid-client: 5.6.4
    optionalDependencies:
      sst-darwin-arm64: 3.2.48
      sst-darwin-x64: 3.2.48
      sst-linux-arm64: 3.2.48
      sst-linux-x64: 3.2.48
      sst-linux-x86: 3.2.48

  typescript@5.6.2: {}

  yallist@4.0.0: {}
